
Microsoft Visual Studio Solution File, Format Version 12.00
# Visual Studio Version 17
VisualStudioVersion = 17.9.34622.214
MinimumVisualStudioVersion = 10.0.40219.1
Project("{9A19103F-16F7-4668-BE54-9A1E7A4F7556}") = "LibraryCopy", "LibraryCopy\LibraryCopy.csproj", "{C3FF4832-17FC-4846-BF6F-4B66A546E1A7}"
EndProject
Project("{9A19103F-16F7-4668-BE54-9A1E7A4F7556}") = "LibraryCopy.Data", "LibraryCopy.Data\LibraryCopy.Data.csproj", "{B3557C7F-C393-43B2-A189-5BC2C8274D1F}"
EndProject
Project("{FAE04EC0-301F-11D3-BF4B-00C04F79EFBC}") = "LibraryCopy.Core", "LibraryCopy.Core\LibraryCopy.Core.csproj", "{2369D7F1-4F65-4234-AD63-929CF7964F45}"
EndProject
Global
	GlobalSection(SolutionConfigurationPlatforms) = preSolution
		Debug|Any CPU = Debug|Any CPU
		Release|Any CPU = Release|Any CPU
	EndGlobalSection
	GlobalSection(ProjectConfigurationPlatforms) = postSolution
		{C3FF4832-17FC-4846-BF6F-4B66A546E1A7}.Debug|Any CPU.ActiveCfg = Debug|Any CPU
		{C3FF4832-17FC-4846-BF6F-4B66A546E1A7}.Debug|Any CPU.Build.0 = Debug|Any CPU
		{C3FF4832-17FC-4846-BF6F-4B66A546E1A7}.Release|Any CPU.ActiveCfg = Release|Any CPU
		{C3FF4832-17FC-4846-BF6F-4B66A546E1A7}.Release|Any CPU.Build.0 = Release|Any CPU
		{B3557C7F-C393-43B2-A189-5BC2C8274D1F}.Debug|Any CPU.ActiveCfg = Debug|Any CPU
		{B3557C7F-C393-43B2-A189-5BC2C8274D1F}.Debug|Any CPU.Build.0 = Debug|Any CPU
		{B3557C7F-C393-43B2-A189-5BC2C8274D1F}.Release|Any CPU.ActiveCfg = Release|Any CPU
		{B3557C7F-C393-43B2-A189-5BC2C8274D1F}.Release|Any CPU.Build.0 = Release|Any CPU
		{2369D7F1-4F65-4234-AD63-929CF7964F45}.Debug|Any CPU.ActiveCfg = Debug|Any CPU
		{2369D7F1-4F65-4234-AD63-929CF7964F45}.Debug|Any CPU.Build.0 = Debug|Any CPU
		{2369D7F1-4F65-4234-AD63-929CF7964F45}.Release|Any CPU.ActiveCfg = Release|Any CPU
		{2369D7F1-4F65-4234-AD63-929CF7964F45}.Release|Any CPU.Build.0 = Release|Any CPU
	EndGlobalSection
	GlobalSection(SolutionProperties) = preSolution
		HideSolutionNode = FALSE
	EndGlobalSection
	GlobalSection(ExtensibilityGlobals) = postSolution
		SolutionGuid = {0CE74492-83FA-45AF-8785-E6D6A116EF21}
	EndGlobalSection
EndGlobal
